
Microsoft Visual Studio Solution File, Format Version 12.00
# Visual Studio Version 17
VisualStudioVersion = 17.2.32630.192
MinimumVisualStudioVersion = 10.0.40219.1
Project("{9A19103F-16F7-4668-BE54-9A1E7A4F7556}") = "BSc-Thesis", "BSc-Thesis\BSc-Thesis.csproj", "{CE6E1A9D-4A2A-43C5-88E3-6053317284B6}"
EndProject
Project("{9A19103F-16F7-4668-BE54-9A1E7A4F7556}") = "BSc-Thesis.DataBase", "BSc-Thesis.DataBase\BSc-Thesis.DataBase.csproj", "{4831D07A-86C7-40E2-B36C-989CAAE2D523}"
EndProject
Global
	GlobalSection(SolutionConfigurationPlatforms) = preSolution
		Debug|Any CPU = Debug|Any CPU
		Release|Any CPU = Release|Any CPU
	EndGlobalSection
	GlobalSection(ProjectConfigurationPlatforms) = postSolution
		{CE6E1A9D-4A2A-43C5-88E3-6053317284B6}.Debug|Any CPU.ActiveCfg = Debug|Any CPU
		{CE6E1A9D-4A2A-43C5-88E3-6053317284B6}.Debug|Any CPU.Build.0 = Debug|Any CPU
		{CE6E1A9D-4A2A-43C5-88E3-6053317284B6}.Release|Any CPU.ActiveCfg = Release|Any CPU
		{CE6E1A9D-4A2A-43C5-88E3-6053317284B6}.Release|Any CPU.Build.0 = Release|Any CPU
		{4831D07A-86C7-40E2-B36C-989CAAE2D523}.Debug|Any CPU.ActiveCfg = Debug|Any CPU
		{4831D07A-86C7-40E2-B36C-989CAAE2D523}.Debug|Any CPU.Build.0 = Debug|Any CPU
		{4831D07A-86C7-40E2-B36C-989CAAE2D523}.Release|Any CPU.ActiveCfg = Release|Any CPU
		{4831D07A-86C7-40E2-B36C-989CAAE2D523}.Release|Any CPU.Build.0 = Release|Any CPU
	EndGlobalSection
	GlobalSection(SolutionProperties) = preSolution
		HideSolutionNode = FALSE
	EndGlobalSection
	GlobalSection(ExtensibilityGlobals) = postSolution
		SolutionGuid = {FFC44C10-B267-4DC2-B014-F624A3990996}
	EndGlobalSection
EndGlobal
